
Microsoft Visual Studio Solution File, Format Version 12.00
# Visual Studio 15
VisualStudioVersion = 15.0.28307.136
MinimumVisualStudioVersion = 10.0.40219.1
Project("{FAE04EC0-301F-11D3-BF4B-00C04F79EFBC}") = "ComicBookGallery", "ComicBookGallery\ComicBookGallery.csproj", "{B38F5692-83C9-44EE-A93D-67A40A5E1234}"
EndProject
Global
	GlobalSection(SolutionConfigurationPlatforms) = preSolution
		Debug|Any CPU = Debug|Any CPU
		Release|Any CPU = Release|Any CPU
	EndGlobalSection
	GlobalSection(ProjectConfigurationPlatforms) = postSolution
		{B38F5692-83C9-44EE-A93D-67A40A5E1234}.Debug|Any CPU.ActiveCfg = Debug|Any CPU
		{B38F5692-83C9-44EE-A93D-67A40A5E1234}.Debug|Any CPU.Build.0 = Debug|Any CPU
		{B38F5692-83C9-44EE-A93D-67A40A5E1234}.Release|Any CPU.ActiveCfg = Release|Any CPU
		{B38F5692-83C9-44EE-A93D-67A40A5E1234}.Release|Any CPU.Build.0 = Release|Any CPU
	EndGlobalSection
	GlobalSection(SolutionProperties) = preSolution
		HideSolutionNode = FALSE
	EndGlobalSection
	GlobalSection(ExtensibilityGlobals) = postSolution
		SolutionGuid = {36601398-B7B6-4A54-A4DC-D4601F4D3BBF}
	EndGlobalSection
EndGlobal
